
Microsoft Visual Studio Solution File, Format Version 12.00
# Visual Studio Version 16
VisualStudioVersion = 16.0.29609.76
MinimumVisualStudioVersion = 10.0.40219.1
Project("{FAE04EC0-301F-11D3-BF4B-00C04F79EFBC}") = "SimulateAzureIoTDevice", "SimulateAzureIoTDevice\SimulateAzureIoTDevice.csproj", "{7619D154-305D-40A1-8F4C-F7C17B096FA5}"
EndProject
Global
	GlobalSection(SolutionConfigurationPlatforms) = preSolution
		Debug|Any CPU = Debug|Any CPU
		Release|Any CPU = Release|Any CPU
	EndGlobalSection
	GlobalSection(ProjectConfigurationPlatforms) = postSolution
		{7619D154-305D-40A1-8F4C-F7C17B096FA5}.Debug|Any CPU.ActiveCfg = Debug|Any CPU
		{7619D154-305D-40A1-8F4C-F7C17B096FA5}.Debug|Any CPU.Build.0 = Debug|Any CPU
		{7619D154-305D-40A1-8F4C-F7C17B096FA5}.Release|Any CPU.ActiveCfg = Release|Any CPU
		{7619D154-305D-40A1-8F4C-F7C17B096FA5}.Release|Any CPU.Build.0 = Release|Any CPU
	EndGlobalSection
	GlobalSection(SolutionProperties) = preSolution
		HideSolutionNode = FALSE
	EndGlobalSection
	GlobalSection(ExtensibilityGlobals) = postSolution
		SolutionGuid = {BD73F609-90A4-41C7-9290-5432E83D2927}
	EndGlobalSection
EndGlobal
