
Microsoft Visual Studio Solution File, Format Version 12.00
# Visual Studio Version 16
VisualStudioVersion = 16.0.29609.76
MinimumVisualStudioVersion = 10.0.40219.1
Project("{9A19103F-16F7-4668-BE54-9A1E7A4F7556}") = "CreateChainedCertsConsoleDemo", "CreateChainedCertsConsoleDemo\CreateChainedCertsConsoleDemo.csproj", "{A5716416-9C64-43AC-AADE-84A1B6B30B7E}"
EndProject
Project("{9A19103F-16F7-4668-BE54-9A1E7A4F7556}") = "CertificateManager", "CertificateManager\CertificateManager.csproj", "{87DA056C-B796-487F-AA62-29DFABE948FF}"
EndProject
Project("{2150E333-8FDC-42A3-9474-1A3956D46DE8}") = "Solution Items", "Solution Items", "{8118B8BC-37A2-4440-9033-11C1EDC2F437}"
	ProjectSection(SolutionItems) = preProject
		..\appveyor.yml = ..\appveyor.yml
		..\Certificates.md = ..\Certificates.md
		..\CHANGELOG.md = ..\CHANGELOG.md
		..\Documentation.md = ..\Documentation.md
		..\README.md = ..\README.md
	EndProjectSection
EndProject
Project("{9A19103F-16F7-4668-BE54-9A1E7A4F7556}") = "CertificateManagerTests", "CertificateManagerTests\CertificateManagerTests.csproj", "{E84C00DB-DC8F-4E4D-AEDB-B6BF82889D2C}"
EndProject
Project("{9A19103F-16F7-4668-BE54-9A1E7A4F7556}") = "CreateSelfSignedCertsConsoleDemo", "CreateSelfSignedCertsConsoleDemo\CreateSelfSignedCertsConsoleDemo.csproj", "{A1074634-B736-4C6B-A610-916B24B35AF1}"
EndProject
Project("{9A19103F-16F7-4668-BE54-9A1E7A4F7556}") = "CreateAzureIoTHubChainedCertsConsoleDemo", "CreateAzureIoTHubChainedCertsConsoleDemo\CreateAzureIoTHubChainedCertsConsoleDemo.csproj", "{3E0A5A28-EBC7-4A70-B70C-BF0938FEA489}"
EndProject
Project("{FAE04EC0-301F-11D3-BF4B-00C04F79EFBC}") = "VerifyIoTHubCertificate", "VerifyIoTHubCertificate\VerifyIoTHubCertificate.csproj", "{CC51EFA1-769C-4EE9-85D9-E4A69130C6BF}"
EndProject
Global
	GlobalSection(SolutionConfigurationPlatforms) = preSolution
		Debug|Any CPU = Debug|Any CPU
		Release|Any CPU = Release|Any CPU
	EndGlobalSection
	GlobalSection(ProjectConfigurationPlatforms) = postSolution
		{A5716416-9C64-43AC-AADE-84A1B6B30B7E}.Debug|Any CPU.ActiveCfg = Debug|Any CPU
		{A5716416-9C64-43AC-AADE-84A1B6B30B7E}.Debug|Any CPU.Build.0 = Debug|Any CPU
		{A5716416-9C64-43AC-AADE-84A1B6B30B7E}.Release|Any CPU.ActiveCfg = Release|Any CPU
		{A5716416-9C64-43AC-AADE-84A1B6B30B7E}.Release|Any CPU.Build.0 = Release|Any CPU
		{87DA056C-B796-487F-AA62-29DFABE948FF}.Debug|Any CPU.ActiveCfg = Debug|Any CPU
		{87DA056C-B796-487F-AA62-29DFABE948FF}.Debug|Any CPU.Build.0 = Debug|Any CPU
		{87DA056C-B796-487F-AA62-29DFABE948FF}.Release|Any CPU.ActiveCfg = Release|Any CPU
		{87DA056C-B796-487F-AA62-29DFABE948FF}.Release|Any CPU.Build.0 = Release|Any CPU
		{E84C00DB-DC8F-4E4D-AEDB-B6BF82889D2C}.Debug|Any CPU.ActiveCfg = Debug|Any CPU
		{E84C00DB-DC8F-4E4D-AEDB-B6BF82889D2C}.Debug|Any CPU.Build.0 = Debug|Any CPU
		{E84C00DB-DC8F-4E4D-AEDB-B6BF82889D2C}.Release|Any CPU.ActiveCfg = Release|Any CPU
		{E84C00DB-DC8F-4E4D-AEDB-B6BF82889D2C}.Release|Any CPU.Build.0 = Release|Any CPU
		{A1074634-B736-4C6B-A610-916B24B35AF1}.Debug|Any CPU.ActiveCfg = Debug|Any CPU
		{A1074634-B736-4C6B-A610-916B24B35AF1}.Debug|Any CPU.Build.0 = Debug|Any CPU
		{A1074634-B736-4C6B-A610-916B24B35AF1}.Release|Any CPU.ActiveCfg = Release|Any CPU
		{A1074634-B736-4C6B-A610-916B24B35AF1}.Release|Any CPU.Build.0 = Release|Any CPU
		{3E0A5A28-EBC7-4A70-B70C-BF0938FEA489}.Debug|Any CPU.ActiveCfg = Debug|Any CPU
		{3E0A5A28-EBC7-4A70-B70C-BF0938FEA489}.Debug|Any CPU.Build.0 = Debug|Any CPU
		{3E0A5A28-EBC7-4A70-B70C-BF0938FEA489}.Release|Any CPU.ActiveCfg = Release|Any CPU
		{3E0A5A28-EBC7-4A70-B70C-BF0938FEA489}.Release|Any CPU.Build.0 = Release|Any CPU
		{CC51EFA1-769C-4EE9-85D9-E4A69130C6BF}.Debug|Any CPU.ActiveCfg = Debug|Any CPU
		{CC51EFA1-769C-4EE9-85D9-E4A69130C6BF}.Debug|Any CPU.Build.0 = Debug|Any CPU
		{CC51EFA1-769C-4EE9-85D9-E4A69130C6BF}.Release|Any CPU.ActiveCfg = Release|Any CPU
		{CC51EFA1-769C-4EE9-85D9-E4A69130C6BF}.Release|Any CPU.Build.0 = Release|Any CPU
	EndGlobalSection
	GlobalSection(SolutionProperties) = preSolution
		HideSolutionNode = FALSE
	EndGlobalSection
	GlobalSection(ExtensibilityGlobals) = postSolution
		SolutionGuid = {AE438041-A9DD-4141-B892-CDC66C8C8D2E}
	EndGlobalSection
EndGlobal
